
Microsoft Visual Studio Solution File, Format Version 12.00
# Visual Studio 2012
Project("{FAE04EC0-301F-11D3-BF4B-00C04F79EFBC}") = "SCZM.Web", "SCZM.Web\SCZM.Web.csproj", "{76E0C8DD-96BC-4405-88AE-36851CB0C906}"
	ProjectSection(ProjectDependencies) = postProject
		{D6F19726-4BF3-46E0-9FAE-CAD63BEA32CB} = {D6F19726-4BF3-46E0-9FAE-CAD63BEA32CB}
		{33953438-CEDD-4B30-9A8A-293F97454188} = {33953438-CEDD-4B30-9A8A-293F97454188}
		{93DC7C49-C4DB-459B-85FF-A64363CD3DC7} = {93DC7C49-C4DB-459B-85FF-A64363CD3DC7}
		{43E9C86E-2DCE-486C-BF8B-BD37F6C40C46} = {43E9C86E-2DCE-486C-BF8B-BD37F6C40C46}
		{20E62297-4609-45EB-8F58-4DF721A48642} = {20E62297-4609-45EB-8F58-4DF721A48642}
	EndProjectSection
EndProject
Project("{FAE04EC0-301F-11D3-BF4B-00C04F79EFBC}") = "SCZM.Common", "SCZM.Common\SCZM.Common.csproj", "{93DC7C49-C4DB-459B-85FF-A64363CD3DC7}"
EndProject
Project("{FAE04EC0-301F-11D3-BF4B-00C04F79EFBC}") = "SCZM.Model", "SCZM.Model\SCZM.Model.csproj", "{D6F19726-4BF3-46E0-9FAE-CAD63BEA32CB}"
EndProject
Project("{FAE04EC0-301F-11D3-BF4B-00C04F79EFBC}") = "SCZM.DAL", "SCZM.DAL\SCZM.DAL.csproj", "{504BBCB3-6568-413C-9492-26EE10AB2A03}"
	ProjectSection(ProjectDependencies) = postProject
		{D6F19726-4BF3-46E0-9FAE-CAD63BEA32CB} = {D6F19726-4BF3-46E0-9FAE-CAD63BEA32CB}
		{33953438-CEDD-4B30-9A8A-293F97454188} = {33953438-CEDD-4B30-9A8A-293F97454188}
		{93DC7C49-C4DB-459B-85FF-A64363CD3DC7} = {93DC7C49-C4DB-459B-85FF-A64363CD3DC7}
	EndProjectSection
EndProject
Project("{FAE04EC0-301F-11D3-BF4B-00C04F79EFBC}") = "SCZM.BLL", "SCZM.BLL\SCZM.BLL.csproj", "{20E62297-4609-45EB-8F58-4DF721A48642}"
	ProjectSection(ProjectDependencies) = postProject
		{D6F19726-4BF3-46E0-9FAE-CAD63BEA32CB} = {D6F19726-4BF3-46E0-9FAE-CAD63BEA32CB}
		{93DC7C49-C4DB-459B-85FF-A64363CD3DC7} = {93DC7C49-C4DB-459B-85FF-A64363CD3DC7}
		{504BBCB3-6568-413C-9492-26EE10AB2A03} = {504BBCB3-6568-413C-9492-26EE10AB2A03}
	EndProjectSection
EndProject
Project("{FAE04EC0-301F-11D3-BF4B-00C04F79EFBC}") = "SCZM.DBUtility", "SCZM.DBUtility\SCZM.DBUtility.csproj", "{33953438-CEDD-4B30-9A8A-293F97454188}"
EndProject
Project("{FAE04EC0-301F-11D3-BF4B-00C04F79EFBC}") = "SCZM.WebUI", "SCZM.WebUI\SCZM.WebUI.csproj", "{43E9C86E-2DCE-486C-BF8B-BD37F6C40C46}"
	ProjectSection(ProjectDependencies) = postProject
		{D6F19726-4BF3-46E0-9FAE-CAD63BEA32CB} = {D6F19726-4BF3-46E0-9FAE-CAD63BEA32CB}
		{93DC7C49-C4DB-459B-85FF-A64363CD3DC7} = {93DC7C49-C4DB-459B-85FF-A64363CD3DC7}
		{20E62297-4609-45EB-8F58-4DF721A48642} = {20E62297-4609-45EB-8F58-4DF721A48642}
	EndProjectSection
EndProject
Global
	GlobalSection(SolutionConfigurationPlatforms) = preSolution
		Debug|Any CPU = Debug|Any CPU
		Release|Any CPU = Release|Any CPU
	EndGlobalSection
	GlobalSection(ProjectConfigurationPlatforms) = postSolution
		{76E0C8DD-96BC-4405-88AE-36851CB0C906}.Debug|Any CPU.ActiveCfg = Debug|Any CPU
		{76E0C8DD-96BC-4405-88AE-36851CB0C906}.Debug|Any CPU.Build.0 = Debug|Any CPU
		{76E0C8DD-96BC-4405-88AE-36851CB0C906}.Release|Any CPU.ActiveCfg = Release|Any CPU
		{76E0C8DD-96BC-4405-88AE-36851CB0C906}.Release|Any CPU.Build.0 = Release|Any CPU
		{93DC7C49-C4DB-459B-85FF-A64363CD3DC7}.Debug|Any CPU.ActiveCfg = Debug|Any CPU
		{93DC7C49-C4DB-459B-85FF-A64363CD3DC7}.Debug|Any CPU.Build.0 = Debug|Any CPU
		{93DC7C49-C4DB-459B-85FF-A64363CD3DC7}.Release|Any CPU.ActiveCfg = Release|Any CPU
		{93DC7C49-C4DB-459B-85FF-A64363CD3DC7}.Release|Any CPU.Build.0 = Release|Any CPU
		{D6F19726-4BF3-46E0-9FAE-CAD63BEA32CB}.Debug|Any CPU.ActiveCfg = Debug|Any CPU
		{D6F19726-4BF3-46E0-9FAE-CAD63BEA32CB}.Debug|Any CPU.Build.0 = Debug|Any CPU
		{D6F19726-4BF3-46E0-9FAE-CAD63BEA32CB}.Release|Any CPU.ActiveCfg = Release|Any CPU
		{D6F19726-4BF3-46E0-9FAE-CAD63BEA32CB}.Release|Any CPU.Build.0 = Release|Any CPU
		{504BBCB3-6568-413C-9492-26EE10AB2A03}.Debug|Any CPU.ActiveCfg = Debug|Any CPU
		{504BBCB3-6568-413C-9492-26EE10AB2A03}.Debug|Any CPU.Build.0 = Debug|Any CPU
		{504BBCB3-6568-413C-9492-26EE10AB2A03}.Release|Any CPU.ActiveCfg = Release|Any CPU
		{504BBCB3-6568-413C-9492-26EE10AB2A03}.Release|Any CPU.Build.0 = Release|Any CPU
		{20E62297-4609-45EB-8F58-4DF721A48642}.Debug|Any CPU.ActiveCfg = Debug|Any CPU
		{20E62297-4609-45EB-8F58-4DF721A48642}.Debug|Any CPU.Build.0 = Debug|Any CPU
		{20E62297-4609-45EB-8F58-4DF721A48642}.Release|Any CPU.ActiveCfg = Release|Any CPU
		{20E62297-4609-45EB-8F58-4DF721A48642}.Release|Any CPU.Build.0 = Release|Any CPU
		{33953438-CEDD-4B30-9A8A-293F97454188}.Debug|Any CPU.ActiveCfg = Debug|Any CPU
		{33953438-CEDD-4B30-9A8A-293F97454188}.Debug|Any CPU.Build.0 = Debug|Any CPU
		{33953438-CEDD-4B30-9A8A-293F97454188}.Release|Any CPU.ActiveCfg = Release|Any CPU
		{33953438-CEDD-4B30-9A8A-293F97454188}.Release|Any CPU.Build.0 = Release|Any CPU
		{43E9C86E-2DCE-486C-BF8B-BD37F6C40C46}.Debug|Any CPU.ActiveCfg = Debug|Any CPU
		{43E9C86E-2DCE-486C-BF8B-BD37F6C40C46}.Debug|Any CPU.Build.0 = Debug|Any CPU
		{43E9C86E-2DCE-486C-BF8B-BD37F6C40C46}.Release|Any CPU.ActiveCfg = Release|Any CPU
		{43E9C86E-2DCE-486C-BF8B-BD37F6C40C46}.Release|Any CPU.Build.0 = Release|Any CPU
	EndGlobalSection
	GlobalSection(SolutionProperties) = preSolution
		HideSolutionNode = FALSE
	EndGlobalSection
	GlobalSection(Performance) = preSolution
		HasPerformanceSessions = true
	EndGlobalSection
EndGlobal
